// !$*UTF8*$!
{
	archiveVersion = 1;
	classes = {
	};
	objectVersion = 46;
	objects = {

/* Begin PBXBuildFile section */
		19F9A672142C715A00AC8466 /* UIKit.framework in Frameworks */ = {isa = PBXBuildFile; fileRef = 19F9A671142C715A00AC8466 /* UIKit.framework */; };
		19F9A674142C715A00AC8466 /* Foundation.framework in Frameworks */ = {isa = PBXBuildFile; fileRef = 19F9A673142C715A00AC8466 /* Foundation.framework */; };
		19F9A676142C715A00AC8466 /* CoreGraphics.framework in Frameworks */ = {isa = PBXBuildFile; fileRef = 19F9A675142C715A00AC8466 /* CoreGraphics.framework */; };
		19F9A67C142C715A00AC8466 /* InfoPlist.strings in Resources */ = {isa = PBXBuildFile; fileRef = 19F9A67A142C715A00AC8466 /* InfoPlist.strings */; };
		19F9A67F142C715A00AC8466 /* main.m in Sources */ = {isa = PBXBuildFile; fileRef = 19F9A67E142C715A00AC8466 /* main.m */; };
		19F9A682142C715A00AC8466 /* PipeWayAppDelegate.m in Sources */ = {isa = PBXBuildFile; fileRef = 19F9A681142C715A00AC8466 /* PipeWayAppDelegate.m */; };
		19F9A685142C715A00AC8466 /* MainWindow.xib in Resources */ = {isa = PBXBuildFile; fileRef = 19F9A683142C715A00AC8466 /* MainWindow.xib */; };
		19F9A688142C715A00AC8466 /* PipeWayViewController.m in Sources */ = {isa = PBXBuildFile; fileRef = 19F9A687142C715A00AC8466 /* PipeWayViewController.m */; };
		19F9A68B142C715A00AC8466 /* PipeWayViewController.xib in Resources */ = {isa = PBXBuildFile; fileRef = 19F9A689142C715A00AC8466 /* PipeWayViewController.xib */; };
		19F9A698142C750B00AC8466 /* CWGridViewController.m in Sources */ = {isa = PBXBuildFile; fileRef = 19F9A696142C750B00AC8466 /* CWGridViewController.m */; };
		19F9A6D6142C82D200AC8466 /* CWGridView.m in Sources */ = {isa = PBXBuildFile; fileRef = 19F9A6D5142C82D200AC8466 /* CWGridView.m */; };
		19F9A6DA142C928300AC8466 /* CWPipeView.m in Sources */ = {isa = PBXBuildFile; fileRef = 19F9A6D9142C928300AC8466 /* CWPipeView.m */; };
		19F9A6F1142CC04800AC8466 /* CWPipeQueueView.m in Sources */ = {isa = PBXBuildFile; fileRef = 19F9A6F0142CC04800AC8466 /* CWPipeQueueView.m */; };
		B16F8EFB142C779400B33867 /* CWGrid.m in Sources */ = {isa = PBXBuildFile; fileRef = B16F8EFA142C779400B33867 /* CWGrid.m */; };
		B16F8EFE142C78F500B33867 /* CWPipe.m in Sources */ = {isa = PBXBuildFile; fileRef = B16F8EFD142C78F500B33867 /* CWPipe.m */; };
		B16F8F02142C7DB900B33867 /* CWPipeQueueViewController.m in Sources */ = {isa = PBXBuildFile; fileRef = B16F8F00142C7DB900B33867 /* CWPipeQueueViewController.m */; };
		B16F8F15142CC27400B33867 /* pipe_horizontal.png in Resources */ = {isa = PBXBuildFile; fileRef = B16F8F0E142CC27400B33867 /* pipe_horizontal.png */; };
		B16F8F16142CC27400B33867 /* pipe_north_east.png in Resources */ = {isa = PBXBuildFile; fileRef = B16F8F0F142CC27400B33867 /* pipe_north_east.png */; };
		B16F8F17142CC27400B33867 /* pipe_plus.png in Resources */ = {isa = PBXBuildFile; fileRef = B16F8F10142CC27400B33867 /* pipe_plus.png */; };
		B16F8F18142CC27400B33867 /* pipe_south_east.png in Resources */ = {isa = PBXBuildFile; fileRef = B16F8F11142CC27400B33867 /* pipe_south_east.png */; };
		B16F8F19142CC27400B33867 /* pipe_vertical.png in Resources */ = {isa = PBXBuildFile; fileRef = B16F8F12142CC27400B33867 /* pipe_vertical.png */; };
		B16F8F1A142CC27400B33867 /* pipe_west_north.png in Resources */ = {isa = PBXBuildFile; fileRef = B16F8F13142CC27400B33867 /* pipe_west_north.png */; };
		B16F8F1B142CC27400B33867 /* pipe_west_south.png in Resources */ = {isa = PBXBuildFile; fileRef = B16F8F14142CC27400B33867 /* pipe_west_south.png */; };
		B16F8F1D142CC5F100B33867 /* grid_background.png in Resources */ = {isa = PBXBuildFile; fileRef = B16F8F1C142CC5F100B33867 /* grid_background.png */; };
		B16F8F24142DE26900B33867 /* placeholder.png in Resources */ = {isa = PBXBuildFile; fileRef = B16F8F23142DE26900B33867 /* placeholder.png */; };
		B16F8F27142DE48A00B33867 /* NSMutableArray+CWQueue.m in Sources */ = {isa = PBXBuildFile; fileRef = B16F8F26142DE48A00B33867 /* NSMutableArray+CWQueue.m */; };
		B16F8F2A142DE76B00B33867 /* CWPipeQueue.m in Sources */ = {isa = PBXBuildFile; fileRef = B16F8F29142DE76A00B33867 /* CWPipeQueue.m */; };
/* End PBXBuildFile section */

/* Begin PBXFileReference section */
		19F9A66D142C715A00AC8466 /* PipeWay.app */ = {isa = PBXFileReference; explicitFileType = wrapper.application; includeInIndex = 0; path = PipeWay.app; sourceTree = BUILT_PRODUCTS_DIR; };
		19F9A671142C715A00AC8466 /* UIKit.framework */ = {isa = PBXFileReference; lastKnownFileType = wrapper.framework; name = UIKit.framework; path = System/Library/Frameworks/UIKit.framework; sourceTree = SDKROOT; };
		19F9A673142C715A00AC8466 /* Foundation.framework */ = {isa = PBXFileReference; lastKnownFileType = wrapper.framework; name = Foundation.framework; path = System/Library/Frameworks/Foundation.framework; sourceTree = SDKROOT; };
		19F9A675142C715A00AC8466 /* CoreGraphics.framework */ = {isa = PBXFileReference; lastKnownFileType = wrapper.framework; name = CoreGraphics.framework; path = System/Library/Frameworks/CoreGraphics.framework; sourceTree = SDKROOT; };
		19F9A679142C715A00AC8466 /* PipeWay-Info.plist */ = {isa = PBXFileReference; lastKnownFileType = text.plist.xml; path = "PipeWay-Info.plist"; sourceTree = "<group>"; };
		19F9A67B142C715A00AC8466 /* en */ = {isa = PBXFileReference; lastKnownFileType = text.plist.strings; name = en; path = en.lproj/InfoPlist.strings; sourceTree = "<group>"; };
		19F9A67D142C715A00AC8466 /* PipeWay-Prefix.pch */ = {isa = PBXFileReference; lastKnownFileType = sourcecode.c.h; path = "PipeWay-Prefix.pch"; sourceTree = "<group>"; };
		19F9A67E142C715A00AC8466 /* main.m */ = {isa = PBXFileReference; lastKnownFileType = sourcecode.c.objc; path = main.m; sourceTree = "<group>"; };
		19F9A680142C715A00AC8466 /* PipeWayAppDelegate.h */ = {isa = PBXFileReference; lastKnownFileType = sourcecode.c.h; path = PipeWayAppDelegate.h; sourceTree = "<group>"; };
		19F9A681142C715A00AC8466 /* PipeWayAppDelegate.m */ = {isa = PBXFileReference; lastKnownFileType = sourcecode.c.objc; path = PipeWayAppDelegate.m; sourceTree = "<group>"; };
		19F9A684142C715A00AC8466 /* en */ = {isa = PBXFileReference; lastKnownFileType = file.xib; name = en; path = en.lproj/MainWindow.xib; sourceTree = "<group>"; };
		19F9A686142C715A00AC8466 /* PipeWayViewController.h */ = {isa = PBXFileReference; lastKnownFileType = sourcecode.c.h; path = PipeWayViewController.h; sourceTree = "<group>"; };
		19F9A687142C715A00AC8466 /* PipeWayViewController.m */ = {isa = PBXFileReference; lastKnownFileType = sourcecode.c.objc; path = PipeWayViewController.m; sourceTree = "<group>"; };
		19F9A68A142C715A00AC8466 /* en */ = {isa = PBXFileReference; lastKnownFileType = file.xib; name = en; path = en.lproj/PipeWayViewController.xib; sourceTree = "<group>"; };
		19F9A695142C750B00AC8466 /* CWGridViewController.h */ = {isa = PBXFileReference; fileEncoding = 4; lastKnownFileType = sourcecode.c.h; path = CWGridViewController.h; sourceTree = "<group>"; };
		19F9A696142C750B00AC8466 /* CWGridViewController.m */ = {isa = PBXFileReference; fileEncoding = 4; lastKnownFileType = sourcecode.c.objc; path = CWGridViewController.m; sourceTree = "<group>"; };
		19F9A6D4142C82D200AC8466 /* CWGridView.h */ = {isa = PBXFileReference; fileEncoding = 4; lastKnownFileType = sourcecode.c.h; path = CWGridView.h; sourceTree = "<group>"; };
		19F9A6D5142C82D200AC8466 /* CWGridView.m */ = {isa = PBXFileReference; fileEncoding = 4; lastKnownFileType = sourcecode.c.objc; path = CWGridView.m; sourceTree = "<group>"; };
		19F9A6D8142C928300AC8466 /* CWPipeView.h */ = {isa = PBXFileReference; fileEncoding = 4; lastKnownFileType = sourcecode.c.h; path = CWPipeView.h; sourceTree = "<group>"; };
		19F9A6D9142C928300AC8466 /* CWPipeView.m */ = {isa = PBXFileReference; fileEncoding = 4; lastKnownFileType = sourcecode.c.objc; path = CWPipeView.m; sourceTree = "<group>"; };
		19F9A6EF142CC04800AC8466 /* CWPipeQueueView.h */ = {isa = PBXFileReference; fileEncoding = 4; lastKnownFileType = sourcecode.c.h; path = CWPipeQueueView.h; sourceTree = "<group>"; };
		19F9A6F0142CC04800AC8466 /* CWPipeQueueView.m */ = {isa = PBXFileReference; fileEncoding = 4; lastKnownFileType = sourcecode.c.objc; path = CWPipeQueueView.m; sourceTree = "<group>"; };
		B16F8EF9142C779400B33867 /* CWGrid.h */ = {isa = PBXFileReference; fileEncoding = 4; lastKnownFileType = sourcecode.c.h; path = CWGrid.h; sourceTree = "<group>"; };
		B16F8EFA142C779400B33867 /* CWGrid.m */ = {isa = PBXFileReference; fileEncoding = 4; lastKnownFileType = sourcecode.c.objc; path = CWGrid.m; sourceTree = "<group>"; };
		B16F8EFC142C78F500B33867 /* CWPipe.h */ = {isa = PBXFileReference; fileEncoding = 4; lastKnownFileType = sourcecode.c.h; path = CWPipe.h; sourceTree = "<group>"; };
		B16F8EFD142C78F500B33867 /* CWPipe.m */ = {isa = PBXFileReference; fileEncoding = 4; lastKnownFileType = sourcecode.c.objc; path = CWPipe.m; sourceTree = "<group>"; };
		B16F8EFF142C7DB900B33867 /* CWPipeQueueViewController.h */ = {isa = PBXFileReference; fileEncoding = 4; lastKnownFileType = sourcecode.c.h; path = CWPipeQueueViewController.h; sourceTree = "<group>"; };
		B16F8F00142C7DB900B33867 /* CWPipeQueueViewController.m */ = {isa = PBXFileReference; fileEncoding = 4; lastKnownFileType = sourcecode.c.objc; path = CWPipeQueueViewController.m; sourceTree = "<group>"; };
		B16F8F0E142CC27400B33867 /* pipe_horizontal.png */ = {isa = PBXFileReference; lastKnownFileType = image.png; path = pipe_horizontal.png; sourceTree = "<group>"; };
		B16F8F0F142CC27400B33867 /* pipe_north_east.png */ = {isa = PBXFileReference; lastKnownFileType = image.png; path = pipe_north_east.png; sourceTree = "<group>"; };
		B16F8F10142CC27400B33867 /* pipe_plus.png */ = {isa = PBXFileReference; lastKnownFileType = image.png; path = pipe_plus.png; sourceTree = "<group>"; };
		B16F8F11142CC27400B33867 /* pipe_south_east.png */ = {isa = PBXFileReference; lastKnownFileType = image.png; path = pipe_south_east.png; sourceTree = "<group>"; };
		B16F8F12142CC27400B33867 /* pipe_vertical.png */ = {isa = PBXFileReference; lastKnownFileType = image.png; path = pipe_vertical.png; sourceTree = "<group>"; };
		B16F8F13142CC27400B33867 /* pipe_west_north.png */ = {isa = PBXFileReference; lastKnownFileType = image.png; path = pipe_west_north.png; sourceTree = "<group>"; };
		B16F8F14142CC27400B33867 /* pipe_west_south.png */ = {isa = PBXFileReference; lastKnownFileType = image.png; path = pipe_west_south.png; sourceTree = "<group>"; };
		B16F8F1C142CC5F100B33867 /* grid_background.png */ = {isa = PBXFileReference; lastKnownFileType = image.png; path = grid_background.png; sourceTree = "<group>"; };
		B16F8F23142DE26900B33867 /* placeholder.png */ = {isa = PBXFileReference; lastKnownFileType = image.png; path = placeholder.png; sourceTree = "<group>"; };
		B16F8F25142DE48900B33867 /* NSMutableArray+CWQueue.h */ = {isa = PBXFileReference; fileEncoding = 4; lastKnownFileType = sourcecode.c.h; path = "NSMutableArray+CWQueue.h"; sourceTree = "<group>"; };
		B16F8F26142DE48A00B33867 /* NSMutableArray+CWQueue.m */ = {isa = PBXFileReference; fileEncoding = 4; lastKnownFileType = sourcecode.c.objc; path = "NSMutableArray+CWQueue.m"; sourceTree = "<group>"; };
		B16F8F28142DE76A00B33867 /* CWPipeQueue.h */ = {isa = PBXFileReference; fileEncoding = 4; lastKnownFileType = sourcecode.c.h; path = CWPipeQueue.h; sourceTree = "<group>"; };
		B16F8F29142DE76A00B33867 /* CWPipeQueue.m */ = {isa = PBXFileReference; fileEncoding = 4; lastKnownFileType = sourcecode.c.objc; path = CWPipeQueue.m; sourceTree = "<group>"; };
/* End PBXFileReference section */

/* Begin PBXFrameworksBuildPhase section */
		19F9A66A142C715A00AC8466 /* Frameworks */ = {
			isa = PBXFrameworksBuildPhase;
			buildActionMask = 2147483647;
			files = (
				19F9A672142C715A00AC8466 /* UIKit.framework in Frameworks */,
				19F9A674142C715A00AC8466 /* Foundation.framework in Frameworks */,
				19F9A676142C715A00AC8466 /* CoreGraphics.framework in Frameworks */,
			);
			runOnlyForDeploymentPostprocessing = 0;
		};
/* End PBXFrameworksBuildPhase section */

/* Begin PBXGroup section */
		19F9A662142C715A00AC8466 = {
			isa = PBXGroup;
			children = (
				19F9A677142C715A00AC8466 /* PipeWay */,
				19F9A670142C715A00AC8466 /* Frameworks */,
				19F9A66E142C715A00AC8466 /* Products */,
			);
			sourceTree = "<group>";
		};
		19F9A66E142C715A00AC8466 /* Products */ = {
			isa = PBXGroup;
			children = (
				19F9A66D142C715A00AC8466 /* PipeWay.app */,
			);
			name = Products;
			sourceTree = "<group>";
		};
		19F9A670142C715A00AC8466 /* Frameworks */ = {
			isa = PBXGroup;
			children = (
				19F9A671142C715A00AC8466 /* UIKit.framework */,
				19F9A673142C715A00AC8466 /* Foundation.framework */,
				19F9A675142C715A00AC8466 /* CoreGraphics.framework */,
			);
			name = Frameworks;
			sourceTree = "<group>";
		};
		19F9A677142C715A00AC8466 /* PipeWay */ = {
			isa = PBXGroup;
			children = (
				B16F8EF5142C76F900B33867 /* Model */,
				B16F8EF7142C772700B33867 /* View */,
				B16F8EF8142C773100B33867 /* Controller */,
				19F9A678142C715A00AC8466 /* Supporting Files */,
			);
			path = PipeWay;
			sourceTree = "<group>";
		};
		19F9A678142C715A00AC8466 /* Supporting Files */ = {
			isa = PBXGroup;
			children = (
				B16F8F0D142CC27400B33867 /* images */,
				19F9A680142C715A00AC8466 /* PipeWayAppDelegate.h */,
				19F9A681142C715A00AC8466 /* PipeWayAppDelegate.m */,
				19F9A679142C715A00AC8466 /* PipeWay-Info.plist */,
				19F9A67A142C715A00AC8466 /* InfoPlist.strings */,
				19F9A67D142C715A00AC8466 /* PipeWay-Prefix.pch */,
				19F9A67E142C715A00AC8466 /* main.m */,
			);
			name = "Supporting Files";
			sourceTree = "<group>";
		};
		B16F8EF5142C76F900B33867 /* Model */ = {
			isa = PBXGroup;
			children = (
				B16F8EF9142C779400B33867 /* CWGrid.h */,
				B16F8EFA142C779400B33867 /* CWGrid.m */,
				B16F8EFC142C78F500B33867 /* CWPipe.h */,
				B16F8EFD142C78F500B33867 /* CWPipe.m */,
				B16F8F25142DE48900B33867 /* NSMutableArray+CWQueue.h */,
				B16F8F26142DE48A00B33867 /* NSMutableArray+CWQueue.m */,
				B16F8F28142DE76A00B33867 /* CWPipeQueue.h */,
				B16F8F29142DE76A00B33867 /* CWPipeQueue.m */,
			);
			name = Model;
			sourceTree = "<group>";
		};
		B16F8EF7142C772700B33867 /* View */ = {
			isa = PBXGroup;
			children = (
				19F9A689142C715A00AC8466 /* PipeWayViewController.xib */,
				19F9A683142C715A00AC8466 /* MainWindow.xib */,
				19F9A6D4142C82D200AC8466 /* CWGridView.h */,
				19F9A6D5142C82D200AC8466 /* CWGridView.m */,
				19F9A6D8142C928300AC8466 /* CWPipeView.h */,
				19F9A6D9142C928300AC8466 /* CWPipeView.m */,
				19F9A6EF142CC04800AC8466 /* CWPipeQueueView.h */,
				19F9A6F0142CC04800AC8466 /* CWPipeQueueView.m */,
			);
			name = View;
			sourceTree = "<group>";
		};
		B16F8EF8142C773100B33867 /* Controller */ = {
			isa = PBXGroup;
			children = (
				19F9A695142C750B00AC8466 /* CWGridViewController.h */,
				19F9A696142C750B00AC8466 /* CWGridViewController.m */,
				19F9A686142C715A00AC8466 /* PipeWayViewController.h */,
				19F9A687142C715A00AC8466 /* PipeWayViewController.m */,
				B16F8EFF142C7DB900B33867 /* CWPipeQueueViewController.h */,
				B16F8F00142C7DB900B33867 /* CWPipeQueueViewController.m */,
			);
			name = Controller;
			sourceTree = "<group>";
		};
		B16F8F0D142CC27400B33867 /* images */ = {
			isa = PBXGroup;
			children = (
				B16F8F23142DE26900B33867 /* placeholder.png */,
				B16F8F1C142CC5F100B33867 /* grid_background.png */,
				B16F8F0E142CC27400B33867 /* pipe_horizontal.png */,
				B16F8F0F142CC27400B33867 /* pipe_north_east.png */,
				B16F8F10142CC27400B33867 /* pipe_plus.png */,
				B16F8F11142CC27400B33867 /* pipe_south_east.png */,
				B16F8F12142CC27400B33867 /* pipe_vertical.png */,
				B16F8F13142CC27400B33867 /* pipe_west_north.png */,
				B16F8F14142CC27400B33867 /* pipe_west_south.png */,
			);
			name = images;
			path = Resources/images;
			sourceTree = SOURCE_ROOT;
		};
/* End PBXGroup section */

/* Begin PBXNativeTarget section */
		19F9A66C142C715A00AC8466 /* PipeWay */ = {
			isa = PBXNativeTarget;
			buildConfigurationList = 19F9A68E142C715A00AC8466 /* Build configuration list for PBXNativeTarget "PipeWay" */;
			buildPhases = (
				19F9A669142C715A00AC8466 /* Sources */,
				19F9A66A142C715A00AC8466 /* Frameworks */,
				19F9A66B142C715A00AC8466 /* Resources */,
			);
			buildRules = (
			);
			dependencies = (
			);
			name = PipeWay;
			productName = PipeWay;
			productReference = 19F9A66D142C715A00AC8466 /* PipeWay.app */;
			productType = "com.apple.product-type.application";
		};
/* End PBXNativeTarget section */

/* Begin PBXProject section */
		19F9A664142C715A00AC8466 /* Project object */ = {
			isa = PBXProject;
			attributes = {
				LastUpgradeCheck = 0420;
				ORGANIZATIONNAME = "Jayway AB";
			};
			buildConfigurationList = 19F9A667142C715A00AC8466 /* Build configuration list for PBXProject "PipeWay" */;
			compatibilityVersion = "Xcode 3.2";
			developmentRegion = English;
			hasScannedForEncodings = 0;
			knownRegions = (
				en,
			);
			mainGroup = 19F9A662142C715A00AC8466;
			productRefGroup = 19F9A66E142C715A00AC8466 /* Products */;
			projectDirPath = "";
			projectRoot = "";
			targets = (
				19F9A66C142C715A00AC8466 /* PipeWay */,
			);
		};
/* End PBXProject section */

/* Begin PBXResourcesBuildPhase section */
		19F9A66B142C715A00AC8466 /* Resources */ = {
			isa = PBXResourcesBuildPhase;
			buildActionMask = 2147483647;
			files = (
				19F9A67C142C715A00AC8466 /* InfoPlist.strings in Resources */,
				19F9A685142C715A00AC8466 /* MainWindow.xib in Resources */,
				19F9A68B142C715A00AC8466 /* PipeWayViewController.xib in Resources */,
				B16F8F15142CC27400B33867 /* pipe_horizontal.png in Resources */,
				B16F8F16142CC27400B33867 /* pipe_north_east.png in Resources */,
				B16F8F17142CC27400B33867 /* pipe_plus.png in Resources */,
				B16F8F18142CC27400B33867 /* pipe_south_east.png in Resources */,
				B16F8F19142CC27400B33867 /* pipe_vertical.png in Resources */,
				B16F8F1A142CC27400B33867 /* pipe_west_north.png in Resources */,
				B16F8F1B142CC27400B33867 /* pipe_west_south.png in Resources */,
				B16F8F1D142CC5F100B33867 /* grid_background.png in Resources */,
				B16F8F24142DE26900B33867 /* placeholder.png in Resources */,
			);
			runOnlyForDeploymentPostprocessing = 0;
		};
/* End PBXResourcesBuildPhase section */

/* Begin PBXSourcesBuildPhase section */
		19F9A669142C715A00AC8466 /* Sources */ = {
			isa = PBXSourcesBuildPhase;
			buildActionMask = 2147483647;
			files = (
				19F9A67F142C715A00AC8466 /* main.m in Sources */,
				19F9A682142C715A00AC8466 /* PipeWayAppDelegate.m in Sources */,
				19F9A688142C715A00AC8466 /* PipeWayViewController.m in Sources */,
				19F9A698142C750B00AC8466 /* CWGridViewController.m in Sources */,
				B16F8EFB142C779400B33867 /* CWGrid.m in Sources */,
				B16F8EFE142C78F500B33867 /* CWPipe.m in Sources */,
				B16F8F02142C7DB900B33867 /* CWPipeQueueViewController.m in Sources */,
				19F9A6D6142C82D200AC8466 /* CWGridView.m in Sources */,
				19F9A6DA142C928300AC8466 /* CWPipeView.m in Sources */,
				19F9A6F1142CC04800AC8466 /* CWPipeQueueView.m in Sources */,
				B16F8F27142DE48A00B33867 /* NSMutableArray+CWQueue.m in Sources */,
				B16F8F2A142DE76B00B33867 /* CWPipeQueue.m in Sources */,
			);
			runOnlyForDeploymentPostprocessing = 0;
		};
/* End PBXSourcesBuildPhase section */

/* Begin PBXVariantGroup section */
		19F9A67A142C715A00AC8466 /* InfoPlist.strings */ = {
			isa = PBXVariantGroup;
			children = (
				19F9A67B142C715A00AC8466 /* en */,
			);
			name = InfoPlist.strings;
			sourceTree = "<group>";
		};
		19F9A683142C715A00AC8466 /* MainWindow.xib */ = {
			isa = PBXVariantGroup;
			children = (
				19F9A684142C715A00AC8466 /* en */,
			);
			name = MainWindow.xib;
			sourceTree = "<group>";
		};
		19F9A689142C715A00AC8466 /* PipeWayViewController.xib */ = {
			isa = PBXVariantGroup;
			children = (
				19F9A68A142C715A00AC8466 /* en */,
			);
			name = PipeWayViewController.xib;
			sourceTree = "<group>";
		};
/* End PBXVariantGroup section */

/* Begin XCBuildConfiguration section */
		19F9A68C142C715A00AC8466 /* Debug */ = {
			isa = XCBuildConfiguration;
			buildSettings = {
				ARCHS = "$(ARCHS_UNIVERSAL_IPHONE_OS)";
				"CODE_SIGN_IDENTITY[sdk=iphoneos*]" = "iPhone Developer";
				GCC_C_LANGUAGE_STANDARD = gnu99;
				GCC_OPTIMIZATION_LEVEL = 0;
				GCC_PREPROCESSOR_DEFINITIONS = DEBUG;
				GCC_SYMBOLS_PRIVATE_EXTERN = NO;
				GCC_VERSION = com.apple.compilers.llvmgcc42;
				GCC_WARN_ABOUT_RETURN_TYPE = YES;
				GCC_WARN_UNUSED_VARIABLE = YES;
				IPHONEOS_DEPLOYMENT_TARGET = 4.3;
				SDKROOT = iphoneos;
				TARGETED_DEVICE_FAMILY = 2;
			};
			name = Debug;
		};
		19F9A68D142C715A00AC8466 /* Release */ = {
			isa = XCBuildConfiguration;
			buildSettings = {
				ARCHS = "$(ARCHS_UNIVERSAL_IPHONE_OS)";
				"CODE_SIGN_IDENTITY[sdk=iphoneos*]" = "iPhone Developer";
				GCC_C_LANGUAGE_STANDARD = gnu99;
				GCC_VERSION = com.apple.compilers.llvmgcc42;
				GCC_WARN_ABOUT_RETURN_TYPE = YES;
				GCC_WARN_UNUSED_VARIABLE = YES;
				IPHONEOS_DEPLOYMENT_TARGET = 4.3;
				OTHER_CFLAGS = "-DNS_BLOCK_ASSERTIONS=1";
				SDKROOT = iphoneos;
				TARGETED_DEVICE_FAMILY = 2;
			};
			name = Release;
		};
		19F9A68F142C715A00AC8466 /* Debug */ = {
			isa = XCBuildConfiguration;
			buildSettings = {
				ALWAYS_SEARCH_USER_PATHS = NO;
				COPY_PHASE_STRIP = NO;
				GCC_DYNAMIC_NO_PIC = NO;
				GCC_PRECOMPILE_PREFIX_HEADER = YES;
				GCC_PREFIX_HEADER = "PipeWay/PipeWay-Prefix.pch";
				INFOPLIST_FILE = "PipeWay/PipeWay-Info.plist";
				PRODUCT_NAME = "$(TARGET_NAME)";
				TARGETED_DEVICE_FAMILY = 2;
				WRAPPER_EXTENSION = app;
			};
			name = Debug;
		};
		19F9A690142C715A00AC8466 /* Release */ = {
			isa = XCBuildConfiguration;
			buildSettings = {
				ALWAYS_SEARCH_USER_PATHS = NO;
				COPY_PHASE_STRIP = YES;
				GCC_PRECOMPILE_PREFIX_HEADER = YES;
				GCC_PREFIX_HEADER = "PipeWay/PipeWay-Prefix.pch";
				INFOPLIST_FILE = "PipeWay/PipeWay-Info.plist";
				PRODUCT_NAME = "$(TARGET_NAME)";
				TARGETED_DEVICE_FAMILY = 2;
				VALIDATE_PRODUCT = YES;
				WRAPPER_EXTENSION = app;
			};
			name = Release;
		};
/* End XCBuildConfiguration section */

/* Begin XCConfigurationList section */
		19F9A667142C715A00AC8466 /* Build configuration list for PBXProject "PipeWay" */ = {
			isa = XCConfigurationList;
			buildConfigurations = (
				19F9A68C142C715A00AC8466 /* Debug */,
				19F9A68D142C715A00AC8466 /* Release */,
			);
			defaultConfigurationIsVisible = 0;
			defaultConfigurationName = Release;
		};
		19F9A68E142C715A00AC8466 /* Build configuration list for PBXNativeTarget "PipeWay" */ = {
			isa = XCConfigurationList;
			buildConfigurations = (
				19F9A68F142C715A00AC8466 /* Debug */,
				19F9A690142C715A00AC8466 /* Release */,
			);
			defaultConfigurationIsVisible = 0;
			defaultConfigurationName = Release;
		};
/* End XCConfigurationList section */
	};
	rootObject = 19F9A664142C715A00AC8466 /* Project object */;
}
